
Microsoft Visual Studio Solution File, Format Version 12.00
# Visual Studio Version 17
VisualStudioVersion = 17.2.32526.322
MinimumVisualStudioVersion = 10.0.40219.1
Project("{FAE04EC0-301F-11D3-BF4B-00C04F79EFBC}") = "GA2HafsaM", "GA2HafsaM\GA2HafsaM.csproj", "{88DF9D4E-1060-472B-BDCC-D95B0D246E79}"
EndProject
Global
	GlobalSection(SolutionConfigurationPlatforms) = preSolution
		Debug|Any CPU = Debug|Any CPU
		Release|Any CPU = Release|Any CPU
	EndGlobalSection
	GlobalSection(ProjectConfigurationPlatforms) = postSolution
		{88DF9D4E-1060-472B-BDCC-D95B0D246E79}.Debug|Any CPU.ActiveCfg = Debug|Any CPU
		{88DF9D4E-1060-472B-BDCC-D95B0D246E79}.Debug|Any CPU.Build.0 = Debug|Any CPU
		{88DF9D4E-1060-472B-BDCC-D95B0D246E79}.Release|Any CPU.ActiveCfg = Release|Any CPU
		{88DF9D4E-1060-472B-BDCC-D95B0D246E79}.Release|Any CPU.Build.0 = Release|Any CPU
	EndGlobalSection
	GlobalSection(SolutionProperties) = preSolution
		HideSolutionNode = FALSE
	EndGlobalSection
	GlobalSection(ExtensibilityGlobals) = postSolution
		SolutionGuid = {145378CC-4255-4E5F-8DE9-8C6F2D594947}
	EndGlobalSection
EndGlobal
